# THIS IS AN AUTOGENERATED FILE. DO NOT EDIT THIS FILE DIRECTLY.
# yarn lockfile v1


cssesc@^3.0.0:
  version "3.0.0"
  resolved "https://registry.yarnpkg.com/cssesc/-/cssesc-3.0.0.tgz#37741919903b868565e1c09ea747445cd18983ee"
  integrity sha512-/Tb/JcjK111nNScGob5MNtsntNM1aCNUDipB/TkwZFhyDrrE47SOx/18wF2bbjgc3ZzCSKW1T5nt5EbFoAz/Vg==

nanoid@^3.3.6:
  version "3.3.6"
  resolved "https://registry.yarnpkg.com/nanoid/-/nanoid-3.3.6.tgz#443380c856d6e9f9824267d960b4236ad583ea4c"
  integrity sha512-BGcqMMJuToF7i1rt+2PWSNVnWIkGCU78jBG3RxO/bZlnZPK2Cmi2QaffxGO/2RvWi9sL+FAiRiXMgsyxQ1DIDA==

picocolors@^1.0.0:
  version "1.0.0"
  resolved "https://registry.yarnpkg.com/picocolors/-/picocolors-1.0.0.tgz#cb5bdc74ff3f51892236eaf79d68bc44564ab81c"
  integrity sha512-1fygroTLlHu66zi26VoTDv8yRgm0Fccecssto+MhsZ0D/DGW2sm8E8AjW7NU5VVTRt5GxbeZ5qBuJr+HyLYkjQ==

postcss-media-query-parser@^0.2.3:
  version "0.2.3"
  resolved "https://registry.yarnpkg.com/postcss-media-query-parser/-/postcss-media-query-parser-0.2.3.tgz#27b39c6f4d94f81b1a73b8f76351c609e5cef244"
  integrity sha512-3sOlxmbKcSHMjlUXQZKQ06jOswE7oVkXPxmZdoB1r5l0q6gTFTQSHxNxOrCccElbW7dxNytifNEo8qidX2Vsig==

postcss-resolve-nested-selector@^0.1.1:
  version "0.1.1"
  resolved "https://registry.yarnpkg.com/postcss-resolve-nested-selector/-/postcss-resolve-nested-selector-0.1.1.tgz#29ccbc7c37dedfac304e9fff0bf1596b3f6a0e4e"
  integrity sha512-HvExULSwLqHLgUy1rl3ANIqCsvMS0WHss2UOsXhXnQaZ9VCc2oBvIpXrl00IUFT5ZDITME0o6oiXeiHr2SAIfw==

postcss-scss@^4.0.2:
  version "4.0.8"
  resolved "https://registry.yarnpkg.com/postcss-scss/-/postcss-scss-4.0.8.tgz#12a4991a902a782d4e9b86b1f217d5181c6c4f32"
  integrity sha512-Cr0X8Eu7xMhE96PJck6ses/uVVXDtE5ghUTKNUYgm8ozgP2TkgV3LWs3WgLV1xaSSLq8ZFiXaUrj0LVgG1fGEA==

postcss-selector-parser@^6.0.11:
  version "6.0.13"
  resolved "https://registry.yarnpkg.com/postcss-selector-parser/-/postcss-selector-parser-6.0.13.tgz#d05d8d76b1e8e173257ef9d60b706a8e5e99bf1b"
  integrity sha512-EaV1Gl4mUEV4ddhDnv/xtj7sxwrwxdetHdWUGnT4VJQf+4d05v6lHYZr8N573k5Z0BViss7BDhfWtKS3+sfAqQ==
  dependencies:
    cssesc "^3.0.0"
    util-deprecate "^1.0.2"

postcss-sorting@^7.0.1:
  version "7.0.1"
  resolved "https://registry.yarnpkg.com/postcss-sorting/-/postcss-sorting-7.0.1.tgz#923b5268451cf2d93ebf8835e17a6537757049a5"
  integrity sha512-iLBFYz6VRYyLJEJsBJ8M3TCqNcckVzz4wFounSc5Oez35ogE/X+aoC5fFu103Ot7NyvjU3/xqIXn93Gp3kJk4g==

postcss-value-parser@^4.2.0:
  version "4.2.0"
  resolved "https://registry.yarnpkg.com/postcss-value-parser/-/postcss-value-parser-4.2.0.tgz#723c09920836ba6d3e5af019f92bc0971c02e514"
  integrity sha512-1NNCs6uurfkVbeXG4S8JFT9t19m45ICnif8zWLd5oPSZ50QnwMfK+H3jv408d4jw/7Bttv5axS5IiHoLaVNHeQ==

postcss@^8.3.11:
  version "8.4.29"
  resolved "https://registry.yarnpkg.com/postcss/-/postcss-8.4.29.tgz#33bc121cf3b3688d4ddef50be869b2a54185a1dd"
  integrity sha512-cbI+jaqIeu/VGqXEarWkRCCffhjgXc0qjBtXpqJhTBohMUjUQnbBr0xqX3vEKudc4iviTewcJo5ajcec5+wdJw==
  dependencies:
    nanoid "^3.3.6"
    picocolors "^1.0.0"
    source-map-js "^1.0.2"

source-map-js@^1.0.2:
  version "1.0.2"
  resolved "https://registry.yarnpkg.com/source-map-js/-/source-map-js-1.0.2.tgz#adbc361d9c62df380125e7f161f71c826f1e490c"
  integrity sha512-R0XvVJ9WusLiqTCEiGCmICCMplcCkIwwR11mOSD9CR5u+IXYdiseeEuXCVAjS54zqwkLcPNnmU4OeJ6tUrWhDw==

stylelint-config-recess-order@^3.0.0:
  version "3.1.0"
  resolved "https://registry.yarnpkg.com/stylelint-config-recess-order/-/stylelint-config-recess-order-3.1.0.tgz#aeeddd658f726c1252d95efe54e79d246667ae1f"
  integrity sha512-LXR6zD5O9cS1a9gbLbuKvWLs7qmHj4xm5MQ5KhhwZPMhtQP9da3F6Jsp/NAUdsAwDQEnT1ShU16YVdgN6p4a/w==
  dependencies:
    stylelint-order "5.x"

stylelint-config-recommended-scss@^8.0.0:
  version "8.0.0"
  resolved "https://registry.yarnpkg.com/stylelint-config-recommended-scss/-/stylelint-config-recommended-scss-8.0.0.tgz#1c1e93e619fe2275d4c1067928d92e0614f7d64f"
  integrity sha512-BxjxEzRaZoQb7Iinc3p92GS6zRdRAkIuEu2ZFLTxJK2e1AIcCb5B5MXY9KOXdGTnYFZ+KKx6R4Fv9zU6CtMYPQ==
  dependencies:
    postcss-scss "^4.0.2"
    stylelint-config-recommended "^9.0.0"
    stylelint-scss "^4.0.0"

stylelint-config-recommended@^9.0.0:
  version "9.0.0"
  resolved "https://registry.yarnpkg.com/stylelint-config-recommended/-/stylelint-config-recommended-9.0.0.tgz#1c9e07536a8cd875405f8ecef7314916d94e7e40"
  integrity sha512-9YQSrJq4NvvRuTbzDsWX3rrFOzOlYBmZP+o513BJN/yfEmGSr0AxdvrWs0P/ilSpVV/wisamAHu5XSk8Rcf4CQ==

stylelint-config-sass-guidelines@^9.0.1:
  version "9.0.1"
  resolved "https://registry.yarnpkg.com/stylelint-config-sass-guidelines/-/stylelint-config-sass-guidelines-9.0.1.tgz#3114ce780f2085ba9ea5da2b7d97a1e85e968fa7"
  integrity sha512-N06PsVsrgKijQ3YT5hqKA7x3NUkgELTRI1cbWMqcYiCGG6MjzvNk6Cb5YYA1PrvrksBV76BvY9P9bAswojVMqA==
  dependencies:
    postcss-scss "^4.0.2"
    stylelint-order "^5.0.0"
    stylelint-scss "^4.0.0"

stylelint-config-standard-scss@^6.1.0:
  version "6.1.0"
  resolved "https://registry.yarnpkg.com/stylelint-config-standard-scss/-/stylelint-config-standard-scss-6.1.0.tgz#a6cddd2a9430578b92fc89726a59474d5548a444"
  integrity sha512-iZ2B5kQT2G3rUzx+437cEpdcnFOQkwnwqXuY8Z0QUwIHQVE8mnYChGAquyKFUKZRZ0pRnrciARlPaR1RBtPb0Q==
  dependencies:
    stylelint-config-recommended-scss "^8.0.0"
    stylelint-config-standard "^29.0.0"

stylelint-config-standard@^29.0.0:
  version "29.0.0"
  resolved "https://registry.yarnpkg.com/stylelint-config-standard/-/stylelint-config-standard-29.0.0.tgz#4cc0e0f05512a39bb8b8e97853247d3a95d66fa2"
  integrity sha512-uy8tZLbfq6ZrXy4JKu3W+7lYLgRQBxYTUUB88vPgQ+ZzAxdrvcaSUW9hOMNLYBnwH+9Kkj19M2DHdZ4gKwI7tg==
  dependencies:
    stylelint-config-recommended "^9.0.0"

stylelint-order@5.x, stylelint-order@^5.0.0:
  version "5.0.0"
  resolved "https://registry.yarnpkg.com/stylelint-order/-/stylelint-order-5.0.0.tgz#abd20f6b85ac640774cbe40e70d3fe9c6fdf4400"
  integrity sha512-OWQ7pmicXufDw5BlRqzdz3fkGKJPgLyDwD1rFY3AIEfIH/LQY38Vu/85v8/up0I+VPiuGRwbc2Hg3zLAsJaiyw==
  dependencies:
    postcss "^8.3.11"
    postcss-sorting "^7.0.1"

stylelint-scss@^4.0.0:
  version "4.7.0"
  resolved "https://registry.yarnpkg.com/stylelint-scss/-/stylelint-scss-4.7.0.tgz#f986bf8c5a4b93eae2b67d3a3562eef822657908"
  integrity sha512-TSUgIeS0H3jqDZnby1UO1Qv3poi1N8wUYIJY6D1tuUq2MN3lwp/rITVo0wD+1SWTmRm0tNmGO0b7nKInnqF6Hg==
  dependencies:
    postcss-media-query-parser "^0.2.3"
    postcss-resolve-nested-selector "^0.1.1"
    postcss-selector-parser "^6.0.11"
    postcss-value-parser "^4.2.0"

util-deprecate@^1.0.2:
  version "1.0.2"
  resolved "https://registry.yarnpkg.com/util-deprecate/-/util-deprecate-1.0.2.tgz#450d4dc9fa70de732762fbd2d4a28981419a0ccf"
  integrity sha512-EPD5q1uXyFxJpCrLnCc1nHnq3gOa6DZBocAIiI2TaSCA7VCJ1UJDMagCzIkXNsUYfD1daK//LTEQ8xiIbrHtcw==
